// !$*UTF8*$!
{
	archiveVersion = 1;
	classes = {
	};
	objectVersion = 56;
	objects = {

/* Begin PBXBuildFile section */
		1AE3816F2BD5A362007BE876 /* AppDelegate.swift in Sources */ = {isa = PBXBuildFile; fileRef = 1AE3816E2BD5A362007BE876 /* AppDelegate.swift */; };
		1AE381712BD5A362007BE876 /* SceneDelegate.swift in Sources */ = {isa = PBXBuildFile; fileRef = 1AE381702BD5A362007BE876 /* SceneDelegate.swift */; };
		1AE381782BD5A363007BE876 /* Assets.xcassets in Resources */ = {isa = PBXBuildFile; fileRef = 1AE381772BD5A363007BE876 /* Assets.xcassets */; };
		1AE3817B2BD5A363007BE876 /* LaunchScreen.storyboard in Resources */ = {isa = PBXBuildFile; fileRef = 1AE381792BD5A363007BE876 /* LaunchScreen.storyboard */; };
		1AE381832BD5A42C007BE876 /* CustomViewCell.swift in Sources */ = {isa = PBXBuildFile; fileRef = 1AE381822BD5A42C007BE876 /* CustomViewCell.swift */; };
		1AE381872BD5A4BD007BE876 /* CharactersViewController.swift in Sources */ = {isa = PBXBuildFile; fileRef = 1AE381862BD5A4BD007BE876 /* CharactersViewController.swift */; };
		1AE381892BD5A543007BE876 /* EpisodesViewController.swift in Sources */ = {isa = PBXBuildFile; fileRef = 1AE381882BD5A543007BE876 /* EpisodesViewController.swift */; };
		1AE3818B2BD5A59D007BE876 /* CharacterDetailsViewController.swift in Sources */ = {isa = PBXBuildFile; fileRef = 1AE3818A2BD5A59D007BE876 /* CharacterDetailsViewController.swift */; };
		1AE3818D2BD5A5EE007BE876 /* EpisodeDetailsViewController.swift in Sources */ = {isa = PBXBuildFile; fileRef = 1AE3818C2BD5A5EE007BE876 /* EpisodeDetailsViewController.swift */; };
		1AE3818F2BD5A650007BE876 /* RickAndMorty.swift in Sources */ = {isa = PBXBuildFile; fileRef = 1AE3818E2BD5A650007BE876 /* RickAndMorty.swift */; };
		1AE381912BD5A6C5007BE876 /* NetworkManager.swift in Sources */ = {isa = PBXBuildFile; fileRef = 1AE381902BD5A6C5007BE876 /* NetworkManager.swift */; };
/* End PBXBuildFile section */

/* Begin PBXFileReference section */
		1AE3816B2BD5A362007BE876 /* RickAndMorty.app */ = {isa = PBXFileReference; explicitFileType = wrapper.application; includeInIndex = 0; path = RickAndMorty.app; sourceTree = BUILT_PRODUCTS_DIR; };
		1AE3816E2BD5A362007BE876 /* AppDelegate.swift */ = {isa = PBXFileReference; lastKnownFileType = sourcecode.swift; path = AppDelegate.swift; sourceTree = "<group>"; };
		1AE381702BD5A362007BE876 /* SceneDelegate.swift */ = {isa = PBXFileReference; lastKnownFileType = sourcecode.swift; path = SceneDelegate.swift; sourceTree = "<group>"; };
		1AE381772BD5A363007BE876 /* Assets.xcassets */ = {isa = PBXFileReference; lastKnownFileType = folder.assetcatalog; path = Assets.xcassets; sourceTree = "<group>"; };
		1AE3817A2BD5A363007BE876 /* Base */ = {isa = PBXFileReference; lastKnownFileType = file.storyboard; name = Base; path = Base.lproj/LaunchScreen.storyboard; sourceTree = "<group>"; };
		1AE3817C2BD5A363007BE876 /* Info.plist */ = {isa = PBXFileReference; lastKnownFileType = text.plist.xml; path = Info.plist; sourceTree = "<group>"; };
		1AE381822BD5A42C007BE876 /* CustomViewCell.swift */ = {isa = PBXFileReference; lastKnownFileType = sourcecode.swift; path = CustomViewCell.swift; sourceTree = "<group>"; };
		1AE381862BD5A4BD007BE876 /* CharactersViewController.swift */ = {isa = PBXFileReference; lastKnownFileType = sourcecode.swift; path = CharactersViewController.swift; sourceTree = "<group>"; };
		1AE381882BD5A543007BE876 /* EpisodesViewController.swift */ = {isa = PBXFileReference; lastKnownFileType = sourcecode.swift; path = EpisodesViewController.swift; sourceTree = "<group>"; };
		1AE3818A2BD5A59D007BE876 /* CharacterDetailsViewController.swift */ = {isa = PBXFileReference; lastKnownFileType = sourcecode.swift; path = CharacterDetailsViewController.swift; sourceTree = "<group>"; };
		1AE3818C2BD5A5EE007BE876 /* EpisodeDetailsViewController.swift */ = {isa = PBXFileReference; lastKnownFileType = sourcecode.swift; path = EpisodeDetailsViewController.swift; sourceTree = "<group>"; };
		1AE3818E2BD5A650007BE876 /* RickAndMorty.swift */ = {isa = PBXFileReference; lastKnownFileType = sourcecode.swift; path = RickAndMorty.swift; sourceTree = "<group>"; };
		1AE381902BD5A6C5007BE876 /* NetworkManager.swift */ = {isa = PBXFileReference; lastKnownFileType = sourcecode.swift; path = NetworkManager.swift; sourceTree = "<group>"; };
/* End PBXFileReference section */

/* Begin PBXFrameworksBuildPhase section */
		1AE381682BD5A362007BE876 /* Frameworks */ = {
			isa = PBXFrameworksBuildPhase;
			buildActionMask = 2147483647;
			files = (
			);
			runOnlyForDeploymentPostprocessing = 0;
		};
/* End PBXFrameworksBuildPhase section */

/* Begin PBXGroup section */
		1AE381622BD5A362007BE876 = {
			isa = PBXGroup;
			children = (
				1AE3816D2BD5A362007BE876 /* RickAndMorty */,
				1AE3816C2BD5A362007BE876 /* Products */,
			);
			sourceTree = "<group>";
		};
		1AE3816C2BD5A362007BE876 /* Products */ = {
			isa = PBXGroup;
			children = (
				1AE3816B2BD5A362007BE876 /* RickAndMorty.app */,
			);
			name = Products;
			sourceTree = "<group>";
		};
		1AE3816D2BD5A362007BE876 /* RickAndMorty */ = {
			isa = PBXGroup;
			children = (
				1AE381932BD5A6FC007BE876 /* Models */,
				1AE381922BD5A6E1007BE876 /* ViewControllers */,
				1AE381972BD5A744007BE876 /* Views */,
				1AE381942BD5A708007BE876 /* Services */,
				1AE381962BD5A72C007BE876 /* LaunchScreen */,
				1AE381952BD5A71E007BE876 /* Resources */,
				1AE381982BD5A758007BE876 /* SupportingFiles */,
			);
			path = RickAndMorty;
			sourceTree = "<group>";
		};
		1AE381922BD5A6E1007BE876 /* ViewControllers */ = {
			isa = PBXGroup;
			children = (
				1AE381862BD5A4BD007BE876 /* CharactersViewController.swift */,
				1AE3818A2BD5A59D007BE876 /* CharacterDetailsViewController.swift */,
				1AE381882BD5A543007BE876 /* EpisodesViewController.swift */,
				1AE3818C2BD5A5EE007BE876 /* EpisodeDetailsViewController.swift */,
			);
			path = ViewControllers;
			sourceTree = "<group>";
		};
		1AE381932BD5A6FC007BE876 /* Models */ = {
			isa = PBXGroup;
			children = (
				1AE3818E2BD5A650007BE876 /* RickAndMorty.swift */,
			);
			path = Models;
			sourceTree = "<group>";
		};
		1AE381942BD5A708007BE876 /* Services */ = {
			isa = PBXGroup;
			children = (
				1AE381902BD5A6C5007BE876 /* NetworkManager.swift */,
			);
			path = Services;
			sourceTree = "<group>";
		};
		1AE381952BD5A71E007BE876 /* Resources */ = {
			isa = PBXGroup;
			children = (
				1AE381772BD5A363007BE876 /* Assets.xcassets */,
			);
			path = Resources;
			sourceTree = "<group>";
		};
		1AE381962BD5A72C007BE876 /* LaunchScreen */ = {
			isa = PBXGroup;
			children = (
				1AE381792BD5A363007BE876 /* LaunchScreen.storyboard */,
			);
			path = LaunchScreen;
			sourceTree = "<group>";
		};
		1AE381972BD5A744007BE876 /* Views */ = {
			isa = PBXGroup;
			children = (
				1AE381822BD5A42C007BE876 /* CustomViewCell.swift */,
			);
			path = Views;
			sourceTree = "<group>";
		};
		1AE381982BD5A758007BE876 /* SupportingFiles */ = {
			isa = PBXGroup;
			children = (
				1AE3816E2BD5A362007BE876 /* AppDelegate.swift */,
				1AE381702BD5A362007BE876 /* SceneDelegate.swift */,
				1AE3817C2BD5A363007BE876 /* Info.plist */,
			);
			path = SupportingFiles;
			sourceTree = "<group>";
		};
/* End PBXGroup section */

/* Begin PBXNativeTarget section */
		1AE3816A2BD5A362007BE876 /* RickAndMorty */ = {
			isa = PBXNativeTarget;
			buildConfigurationList = 1AE3817F2BD5A363007BE876 /* Build configuration list for PBXNativeTarget "RickAndMorty" */;
			buildPhases = (
				1AE381672BD5A362007BE876 /* Sources */,
				1AE381682BD5A362007BE876 /* Frameworks */,
				1AE381692BD5A362007BE876 /* Resources */,
			);
			buildRules = (
			);
			dependencies = (
			);
			name = RickAndMorty;
			productName = RickAndMorty;
			productReference = 1AE3816B2BD5A362007BE876 /* RickAndMorty.app */;
			productType = "com.apple.product-type.application";
		};
/* End PBXNativeTarget section */

/* Begin PBXProject section */
		1AE381632BD5A362007BE876 /* Project object */ = {
			isa = PBXProject;
			attributes = {
				BuildIndependentTargetsInParallel = 1;
				LastSwiftUpdateCheck = 1520;
				LastUpgradeCheck = 1520;
				TargetAttributes = {
					1AE3816A2BD5A362007BE876 = {
						CreatedOnToolsVersion = 15.2;
					};
				};
			};
			buildConfigurationList = 1AE381662BD5A362007BE876 /* Build configuration list for PBXProject "RickAndMorty" */;
			compatibilityVersion = "Xcode 14.0";
			developmentRegion = en;
			hasScannedForEncodings = 0;
			knownRegions = (
				en,
				Base,
			);
			mainGroup = 1AE381622BD5A362007BE876;
			productRefGroup = 1AE3816C2BD5A362007BE876 /* Products */;
			projectDirPath = "";
			projectRoot = "";
			targets = (
				1AE3816A2BD5A362007BE876 /* RickAndMorty */,
			);
		};
/* End PBXProject section */

/* Begin PBXResourcesBuildPhase section */
		1AE381692BD5A362007BE876 /* Resources */ = {
			isa = PBXResourcesBuildPhase;
			buildActionMask = 2147483647;
			files = (
				1AE3817B2BD5A363007BE876 /* LaunchScreen.storyboard in Resources */,
				1AE381782BD5A363007BE876 /* Assets.xcassets in Resources */,
			);
			runOnlyForDeploymentPostprocessing = 0;
		};
/* End PBXResourcesBuildPhase section */

/* Begin PBXSourcesBuildPhase section */
		1AE381672BD5A362007BE876 /* Sources */ = {
			isa = PBXSourcesBuildPhase;
			buildActionMask = 2147483647;
			files = (
				1AE381912BD5A6C5007BE876 /* NetworkManager.swift in Sources */,
				1AE381892BD5A543007BE876 /* EpisodesViewController.swift in Sources */,
				1AE381872BD5A4BD007BE876 /* CharactersViewController.swift in Sources */,
				1AE3816F2BD5A362007BE876 /* AppDelegate.swift in Sources */,
				1AE381832BD5A42C007BE876 /* CustomViewCell.swift in Sources */,
				1AE3818F2BD5A650007BE876 /* RickAndMorty.swift in Sources */,
				1AE3818D2BD5A5EE007BE876 /* EpisodeDetailsViewController.swift in Sources */,
				1AE381712BD5A362007BE876 /* SceneDelegate.swift in Sources */,
				1AE3818B2BD5A59D007BE876 /* CharacterDetailsViewController.swift in Sources */,
			);
			runOnlyForDeploymentPostprocessing = 0;
		};
/* End PBXSourcesBuildPhase section */

/* Begin PBXVariantGroup section */
		1AE381792BD5A363007BE876 /* LaunchScreen.storyboard */ = {
			isa = PBXVariantGroup;
			children = (
				1AE3817A2BD5A363007BE876 /* Base */,
			);
			name = LaunchScreen.storyboard;
			sourceTree = "<group>";
		};
/* End PBXVariantGroup section */

/* Begin XCBuildConfiguration section */
		1AE3817D2BD5A363007BE876 /* Debug */ = {
			isa = XCBuildConfiguration;
			buildSettings = {
				ALWAYS_SEARCH_USER_PATHS = NO;
				ASSETCATALOG_COMPILER_GENERATE_SWIFT_ASSET_SYMBOL_EXTENSIONS = YES;
				CLANG_ANALYZER_NONNULL = YES;
				CLANG_ANALYZER_NUMBER_OBJECT_CONVERSION = YES_AGGRESSIVE;
				CLANG_CXX_LANGUAGE_STANDARD = "gnu++20";
				CLANG_ENABLE_MODULES = YES;
				CLANG_ENABLE_OBJC_ARC = YES;
				CLANG_ENABLE_OBJC_WEAK = YES;
				CLANG_WARN_BLOCK_CAPTURE_AUTORELEASING = YES;
				CLANG_WARN_BOOL_CONVERSION = YES;
				CLANG_WARN_COMMA = YES;
				CLANG_WARN_CONSTANT_CONVERSION = YES;
				CLANG_WARN_DEPRECATED_OBJC_IMPLEMENTATIONS = YES;
				CLANG_WARN_DIRECT_OBJC_ISA_USAGE = YES_ERROR;
				CLANG_WARN_DOCUMENTATION_COMMENTS = YES;
				CLANG_WARN_EMPTY_BODY = YES;
				CLANG_WARN_ENUM_CONVERSION = YES;
				CLANG_WARN_INFINITE_RECURSION = YES;
				CLANG_WARN_INT_CONVERSION = YES;
				CLANG_WARN_NON_LITERAL_NULL_CONVERSION = YES;
				CLANG_WARN_OBJC_IMPLICIT_RETAIN_SELF = YES;
				CLANG_WARN_OBJC_LITERAL_CONVERSION = YES;
				CLANG_WARN_OBJC_ROOT_CLASS = YES_ERROR;
				CLANG_WARN_QUOTED_INCLUDE_IN_FRAMEWORK_HEADER = YES;
				CLANG_WARN_RANGE_LOOP_ANALYSIS = YES;
				CLANG_WARN_STRICT_PROTOTYPES = YES;
				CLANG_WARN_SUSPICIOUS_MOVE = YES;
				CLANG_WARN_UNGUARDED_AVAILABILITY = YES_AGGRESSIVE;
				CLANG_WARN_UNREACHABLE_CODE = YES;
				CLANG_WARN__DUPLICATE_METHOD_MATCH = YES;
				COPY_PHASE_STRIP = NO;
				DEBUG_INFORMATION_FORMAT = dwarf;
				ENABLE_STRICT_OBJC_MSGSEND = YES;
				ENABLE_TESTABILITY = YES;
				ENABLE_USER_SCRIPT_SANDBOXING = YES;
				GCC_C_LANGUAGE_STANDARD = gnu17;
				GCC_DYNAMIC_NO_PIC = NO;
				GCC_NO_COMMON_BLOCKS = YES;
				GCC_OPTIMIZATION_LEVEL = 0;
				GCC_PREPROCESSOR_DEFINITIONS = (
					"DEBUG=1",
					"$(inherited)",
				);
				GCC_WARN_64_TO_32_BIT_CONVERSION = YES;
				GCC_WARN_ABOUT_RETURN_TYPE = YES_ERROR;
				GCC_WARN_UNDECLARED_SELECTOR = YES;
				GCC_WARN_UNINITIALIZED_AUTOS = YES_AGGRESSIVE;
				GCC_WARN_UNUSED_FUNCTION = YES;
				GCC_WARN_UNUSED_VARIABLE = YES;
				IPHONEOS_DEPLOYMENT_TARGET = 17.2;
				LOCALIZATION_PREFERS_STRING_CATALOGS = YES;
				MTL_ENABLE_DEBUG_INFO = INCLUDE_SOURCE;
				MTL_FAST_MATH = YES;
				ONLY_ACTIVE_ARCH = YES;
				SDKROOT = iphoneos;
				SWIFT_ACTIVE_COMPILATION_CONDITIONS = "DEBUG $(inherited)";
				SWIFT_OPTIMIZATION_LEVEL = "-Onone";
			};
			name = Debug;
		};
		1AE3817E2BD5A363007BE876 /* Release */ = {
			isa = XCBuildConfiguration;
			buildSettings = {
				ALWAYS_SEARCH_USER_PATHS = NO;
				ASSETCATALOG_COMPILER_GENERATE_SWIFT_ASSET_SYMBOL_EXTENSIONS = YES;
				CLANG_ANALYZER_NONNULL = YES;
				CLANG_ANALYZER_NUMBER_OBJECT_CONVERSION = YES_AGGRESSIVE;
				CLANG_CXX_LANGUAGE_STANDARD = "gnu++20";
				CLANG_ENABLE_MODULES = YES;
				CLANG_ENABLE_OBJC_ARC = YES;
				CLANG_ENABLE_OBJC_WEAK = YES;
				CLANG_WARN_BLOCK_CAPTURE_AUTORELEASING = YES;
				CLANG_WARN_BOOL_CONVERSION = YES;
				CLANG_WARN_COMMA = YES;
				CLANG_WARN_CONSTANT_CONVERSION = YES;
				CLANG_WARN_DEPRECATED_OBJC_IMPLEMENTATIONS = YES;
				CLANG_WARN_DIRECT_OBJC_ISA_USAGE = YES_ERROR;
				CLANG_WARN_DOCUMENTATION_COMMENTS = YES;
				CLANG_WARN_EMPTY_BODY = YES;
				CLANG_WARN_ENUM_CONVERSION = YES;
				CLANG_WARN_INFINITE_RECURSION = YES;
				CLANG_WARN_INT_CONVERSION = YES;
				CLANG_WARN_NON_LITERAL_NULL_CONVERSION = YES;
				CLANG_WARN_OBJC_IMPLICIT_RETAIN_SELF = YES;
				CLANG_WARN_OBJC_LITERAL_CONVERSION = YES;
				CLANG_WARN_OBJC_ROOT_CLASS = YES_ERROR;
				CLANG_WARN_QUOTED_INCLUDE_IN_FRAMEWORK_HEADER = YES;
				CLANG_WARN_RANGE_LOOP_ANALYSIS = YES;
				CLANG_WARN_STRICT_PROTOTYPES = YES;
				CLANG_WARN_SUSPICIOUS_MOVE = YES;
				CLANG_WARN_UNGUARDED_AVAILABILITY = YES_AGGRESSIVE;
				CLANG_WARN_UNREACHABLE_CODE = YES;
				CLANG_WARN__DUPLICATE_METHOD_MATCH = YES;
				COPY_PHASE_STRIP = NO;
				DEBUG_INFORMATION_FORMAT = "dwarf-with-dsym";
				ENABLE_NS_ASSERTIONS = NO;
				ENABLE_STRICT_OBJC_MSGSEND = YES;
				ENABLE_USER_SCRIPT_SANDBOXING = YES;
				GCC_C_LANGUAGE_STANDARD = gnu17;
				GCC_NO_COMMON_BLOCKS = YES;
				GCC_WARN_64_TO_32_BIT_CONVERSION = YES;
				GCC_WARN_ABOUT_RETURN_TYPE = YES_ERROR;
				GCC_WARN_UNDECLARED_SELECTOR = YES;
				GCC_WARN_UNINITIALIZED_AUTOS = YES_AGGRESSIVE;
				GCC_WARN_UNUSED_FUNCTION = YES;
				GCC_WARN_UNUSED_VARIABLE = YES;
				IPHONEOS_DEPLOYMENT_TARGET = 17.2;
				LOCALIZATION_PREFERS_STRING_CATALOGS = YES;
				MTL_ENABLE_DEBUG_INFO = NO;
				MTL_FAST_MATH = YES;
				SDKROOT = iphoneos;
				SWIFT_COMPILATION_MODE = wholemodule;
				VALIDATE_PRODUCT = YES;
			};
			name = Release;
		};
		1AE381802BD5A363007BE876 /* Debug */ = {
			isa = XCBuildConfiguration;
			buildSettings = {
				ASSETCATALOG_COMPILER_APPICON_NAME = AppIcon;
				ASSETCATALOG_COMPILER_GLOBAL_ACCENT_COLOR_NAME = AccentColor;
				CODE_SIGN_STYLE = Automatic;
				CURRENT_PROJECT_VERSION = 1;
				DEVELOPMENT_TEAM = QZ329TNU43;
				GENERATE_INFOPLIST_FILE = YES;
				INFOPLIST_FILE = RickAndMorty/SupportingFiles/Info.plist;
				INFOPLIST_KEY_UIApplicationSupportsIndirectInputEvents = YES;
				INFOPLIST_KEY_UILaunchStoryboardName = LaunchScreen;
				INFOPLIST_KEY_UISupportedInterfaceOrientations = UIInterfaceOrientationPortrait;
				INFOPLIST_KEY_UISupportedInterfaceOrientations_iPad = "UIInterfaceOrientationPortrait UIInterfaceOrientationPortraitUpsideDown";
				LD_RUNPATH_SEARCH_PATHS = (
					"$(inherited)",
					"@executable_path/Frameworks",
				);
				MARKETING_VERSION = 1.0;
				PRODUCT_BUNDLE_IDENTIFIER = iosmaster.com.RickAndMorty;
				PRODUCT_NAME = "$(TARGET_NAME)";
				SUPPORTED_PLATFORMS = "iphoneos iphonesimulator";
				SUPPORTS_MACCATALYST = NO;
				SUPPORTS_MAC_DESIGNED_FOR_IPHONE_IPAD = NO;
				SUPPORTS_XR_DESIGNED_FOR_IPHONE_IPAD = NO;
				SWIFT_EMIT_LOC_STRINGS = YES;
				SWIFT_VERSION = 5.0;
				TARGETED_DEVICE_FAMILY = 1;
			};
			name = Debug;
		};
		1AE381812BD5A363007BE876 /* Release */ = {
			isa = XCBuildConfiguration;
			buildSettings = {
				ASSETCATALOG_COMPILER_APPICON_NAME = AppIcon;
				ASSETCATALOG_COMPILER_GLOBAL_ACCENT_COLOR_NAME = AccentColor;
				CODE_SIGN_STYLE = Automatic;
				CURRENT_PROJECT_VERSION = 1;
				DEVELOPMENT_TEAM = QZ329TNU43;
				GENERATE_INFOPLIST_FILE = YES;
				INFOPLIST_FILE = RickAndMorty/SupportingFiles/Info.plist;
				INFOPLIST_KEY_UIApplicationSupportsIndirectInputEvents = YES;
				INFOPLIST_KEY_UILaunchStoryboardName = LaunchScreen;
				INFOPLIST_KEY_UISupportedInterfaceOrientations = UIInterfaceOrientationPortrait;
				INFOPLIST_KEY_UISupportedInterfaceOrientations_iPad = "UIInterfaceOrientationPortrait UIInterfaceOrientationPortraitUpsideDown";
				LD_RUNPATH_SEARCH_PATHS = (
					"$(inherited)",
					"@executable_path/Frameworks",
				);
				MARKETING_VERSION = 1.0;
				PRODUCT_BUNDLE_IDENTIFIER = iosmaster.com.RickAndMorty;
				PRODUCT_NAME = "$(TARGET_NAME)";
				SUPPORTED_PLATFORMS = "iphoneos iphonesimulator";
				SUPPORTS_MACCATALYST = NO;
				SUPPORTS_MAC_DESIGNED_FOR_IPHONE_IPAD = NO;
				SUPPORTS_XR_DESIGNED_FOR_IPHONE_IPAD = NO;
				SWIFT_EMIT_LOC_STRINGS = YES;
				SWIFT_VERSION = 5.0;
				TARGETED_DEVICE_FAMILY = 1;
			};
			name = Release;
		};
/* End XCBuildConfiguration section */

/* Begin XCConfigurationList section */
		1AE381662BD5A362007BE876 /* Build configuration list for PBXProject "RickAndMorty" */ = {
			isa = XCConfigurationList;
			buildConfigurations = (
				1AE3817D2BD5A363007BE876 /* Debug */,
				1AE3817E2BD5A363007BE876 /* Release */,
			);
			defaultConfigurationIsVisible = 0;
			defaultConfigurationName = Release;
		};
		1AE3817F2BD5A363007BE876 /* Build configuration list for PBXNativeTarget "RickAndMorty" */ = {
			isa = XCConfigurationList;
			buildConfigurations = (
				1AE381802BD5A363007BE876 /* Debug */,
				1AE381812BD5A363007BE876 /* Release */,
			);
			defaultConfigurationIsVisible = 0;
			defaultConfigurationName = Release;
		};
/* End XCConfigurationList section */
	};
	rootObject = 1AE381632BD5A362007BE876 /* Project object */;
}
