// !$*UTF8*$!
{
	archiveVersion = 1;
	classes = {
	};
	objectVersion = 56;
	objects = {

/* Begin PBXBuildFile section */
		1AE40B752B35E06B004DC3DC /* AppDelegate.swift in Sources */ = {isa = PBXBuildFile; fileRef = 1AE40B742B35E06B004DC3DC /* AppDelegate.swift */; };
		1AE40B772B35E06B004DC3DC /* SceneDelegate.swift in Sources */ = {isa = PBXBuildFile; fileRef = 1AE40B762B35E06B004DC3DC /* SceneDelegate.swift */; };
		1AE40B792B35E06B004DC3DC /* RMTabBarController.swift in Sources */ = {isa = PBXBuildFile; fileRef = 1AE40B782B35E06B004DC3DC /* RMTabBarController.swift */; };
		1AE40B7E2B35E06C004DC3DC /* Assets.xcassets in Resources */ = {isa = PBXBuildFile; fileRef = 1AE40B7D2B35E06C004DC3DC /* Assets.xcassets */; };
		1AE40B812B35E06C004DC3DC /* LaunchScreen.storyboard in Resources */ = {isa = PBXBuildFile; fileRef = 1AE40B7F2B35E06C004DC3DC /* LaunchScreen.storyboard */; };
		1AE40B912B35F59C004DC3DC /* RMLocation.swift in Sources */ = {isa = PBXBuildFile; fileRef = 1AE40B902B35F59C004DC3DC /* RMLocation.swift */; };
		1AE40B932B35F5BF004DC3DC /* RMCharacter.swift in Sources */ = {isa = PBXBuildFile; fileRef = 1AE40B922B35F5BF004DC3DC /* RMCharacter.swift */; };
		1AE40B952B35F5E1004DC3DC /* RMEpisode.swift in Sources */ = {isa = PBXBuildFile; fileRef = 1AE40B942B35F5E1004DC3DC /* RMEpisode.swift */; };
		1AE40B992B35F7D8004DC3DC /* RMCharacterViewController.swift in Sources */ = {isa = PBXBuildFile; fileRef = 1AE40B982B35F7D8004DC3DC /* RMCharacterViewController.swift */; };
		1AE40B9B2B35F805004DC3DC /* RMLocationViewController.swift in Sources */ = {isa = PBXBuildFile; fileRef = 1AE40B9A2B35F805004DC3DC /* RMLocationViewController.swift */; };
		1AE40B9D2B35F825004DC3DC /* RMSettingsViewController.swift in Sources */ = {isa = PBXBuildFile; fileRef = 1AE40B9C2B35F825004DC3DC /* RMSettingsViewController.swift */; };
		1AE40B9F2B35F870004DC3DC /* RMEpisodeViewController.swift in Sources */ = {isa = PBXBuildFile; fileRef = 1AE40B9E2B35F870004DC3DC /* RMEpisodeViewController.swift */; };
/* End PBXBuildFile section */

/* Begin PBXFileReference section */
		1AE40B712B35E06B004DC3DC /* RickAndMorty.app */ = {isa = PBXFileReference; explicitFileType = wrapper.application; includeInIndex = 0; path = RickAndMorty.app; sourceTree = BUILT_PRODUCTS_DIR; };
		1AE40B742B35E06B004DC3DC /* AppDelegate.swift */ = {isa = PBXFileReference; lastKnownFileType = sourcecode.swift; path = AppDelegate.swift; sourceTree = "<group>"; };
		1AE40B762B35E06B004DC3DC /* SceneDelegate.swift */ = {isa = PBXFileReference; lastKnownFileType = sourcecode.swift; path = SceneDelegate.swift; sourceTree = "<group>"; };
		1AE40B782B35E06B004DC3DC /* RMTabBarController.swift */ = {isa = PBXFileReference; lastKnownFileType = sourcecode.swift; path = RMTabBarController.swift; sourceTree = "<group>"; };
		1AE40B7D2B35E06C004DC3DC /* Assets.xcassets */ = {isa = PBXFileReference; lastKnownFileType = folder.assetcatalog; path = Assets.xcassets; sourceTree = "<group>"; };
		1AE40B802B35E06C004DC3DC /* Base */ = {isa = PBXFileReference; lastKnownFileType = file.storyboard; name = Base; path = Base.lproj/LaunchScreen.storyboard; sourceTree = "<group>"; };
		1AE40B822B35E06C004DC3DC /* Info.plist */ = {isa = PBXFileReference; lastKnownFileType = text.plist.xml; path = Info.plist; sourceTree = "<group>"; };
		1AE40B902B35F59C004DC3DC /* RMLocation.swift */ = {isa = PBXFileReference; lastKnownFileType = sourcecode.swift; path = RMLocation.swift; sourceTree = "<group>"; };
		1AE40B922B35F5BF004DC3DC /* RMCharacter.swift */ = {isa = PBXFileReference; lastKnownFileType = sourcecode.swift; path = RMCharacter.swift; sourceTree = "<group>"; };
		1AE40B942B35F5E1004DC3DC /* RMEpisode.swift */ = {isa = PBXFileReference; lastKnownFileType = sourcecode.swift; path = RMEpisode.swift; sourceTree = "<group>"; };
		1AE40B982B35F7D8004DC3DC /* RMCharacterViewController.swift */ = {isa = PBXFileReference; lastKnownFileType = sourcecode.swift; path = RMCharacterViewController.swift; sourceTree = "<group>"; };
		1AE40B9A2B35F805004DC3DC /* RMLocationViewController.swift */ = {isa = PBXFileReference; lastKnownFileType = sourcecode.swift; path = RMLocationViewController.swift; sourceTree = "<group>"; };
		1AE40B9C2B35F825004DC3DC /* RMSettingsViewController.swift */ = {isa = PBXFileReference; lastKnownFileType = sourcecode.swift; path = RMSettingsViewController.swift; sourceTree = "<group>"; };
		1AE40B9E2B35F870004DC3DC /* RMEpisodeViewController.swift */ = {isa = PBXFileReference; lastKnownFileType = sourcecode.swift; path = RMEpisodeViewController.swift; sourceTree = "<group>"; };
/* End PBXFileReference section */

/* Begin PBXFrameworksBuildPhase section */
		1AE40B6E2B35E06B004DC3DC /* Frameworks */ = {
			isa = PBXFrameworksBuildPhase;
			buildActionMask = 2147483647;
			files = (
			);
			runOnlyForDeploymentPostprocessing = 0;
		};
/* End PBXFrameworksBuildPhase section */

/* Begin PBXGroup section */
		1AE40B682B35E06B004DC3DC = {
			isa = PBXGroup;
			children = (
				1AE40B732B35E06B004DC3DC /* RickAndMorty */,
				1AE40B722B35E06B004DC3DC /* Products */,
			);
			sourceTree = "<group>";
		};
		1AE40B722B35E06B004DC3DC /* Products */ = {
			isa = PBXGroup;
			children = (
				1AE40B712B35E06B004DC3DC /* RickAndMorty.app */,
			);
			name = Products;
			sourceTree = "<group>";
		};
		1AE40B732B35E06B004DC3DC /* RickAndMorty */ = {
			isa = PBXGroup;
			children = (
				1AE40B8E2B35E5BF004DC3DC /* Controllers */,
				1AE40B8D2B35E5AC004DC3DC /* Views */,
				1AE40B8C2B35E596004DC3DC /* Models */,
				1AE40B8B2B35E57F004DC3DC /* ViewModels */,
				1AE40B8A2B35E562004DC3DC /* APIClient */,
				1AE40B892B35E54A004DC3DC /* Managers */,
				1AE40B882B35E52A004DC3DC /* Resources */,
				1AE40B822B35E06C004DC3DC /* Info.plist */,
			);
			path = RickAndMorty;
			sourceTree = "<group>";
		};
		1AE40B882B35E52A004DC3DC /* Resources */ = {
			isa = PBXGroup;
			children = (
				1AE40B742B35E06B004DC3DC /* AppDelegate.swift */,
				1AE40B762B35E06B004DC3DC /* SceneDelegate.swift */,
				1AE40B7D2B35E06C004DC3DC /* Assets.xcassets */,
				1AE40B7F2B35E06C004DC3DC /* LaunchScreen.storyboard */,
			);
			path = Resources;
			sourceTree = "<group>";
		};
		1AE40B892B35E54A004DC3DC /* Managers */ = {
			isa = PBXGroup;
			children = (
			);
			path = Managers;
			sourceTree = "<group>";
		};
		1AE40B8A2B35E562004DC3DC /* APIClient */ = {
			isa = PBXGroup;
			children = (
			);
			path = APIClient;
			sourceTree = "<group>";
		};
		1AE40B8B2B35E57F004DC3DC /* ViewModels */ = {
			isa = PBXGroup;
			children = (
			);
			path = ViewModels;
			sourceTree = "<group>";
		};
		1AE40B8C2B35E596004DC3DC /* Models */ = {
			isa = PBXGroup;
			children = (
				1AE40B922B35F5BF004DC3DC /* RMCharacter.swift */,
				1AE40B902B35F59C004DC3DC /* RMLocation.swift */,
				1AE40B942B35F5E1004DC3DC /* RMEpisode.swift */,
			);
			path = Models;
			sourceTree = "<group>";
		};
		1AE40B8D2B35E5AC004DC3DC /* Views */ = {
			isa = PBXGroup;
			children = (
			);
			path = Views;
			sourceTree = "<group>";
		};
		1AE40B8E2B35E5BF004DC3DC /* Controllers */ = {
			isa = PBXGroup;
			children = (
				1AE40B8F2B35E5E9004DC3DC /* Core */,
			);
			path = Controllers;
			sourceTree = "<group>";
		};
		1AE40B8F2B35E5E9004DC3DC /* Core */ = {
			isa = PBXGroup;
			children = (
				1AE40B782B35E06B004DC3DC /* RMTabBarController.swift */,
				1AE40B982B35F7D8004DC3DC /* RMCharacterViewController.swift */,
				1AE40B9A2B35F805004DC3DC /* RMLocationViewController.swift */,
				1AE40B9E2B35F870004DC3DC /* RMEpisodeViewController.swift */,
				1AE40B9C2B35F825004DC3DC /* RMSettingsViewController.swift */,
			);
			path = Core;
			sourceTree = "<group>";
		};
/* End PBXGroup section */

/* Begin PBXNativeTarget section */
		1AE40B702B35E06B004DC3DC /* RickAndMorty */ = {
			isa = PBXNativeTarget;
			buildConfigurationList = 1AE40B852B35E06C004DC3DC /* Build configuration list for PBXNativeTarget "RickAndMorty" */;
			buildPhases = (
				1AE40B6D2B35E06B004DC3DC /* Sources */,
				1AE40B6E2B35E06B004DC3DC /* Frameworks */,
				1AE40B6F2B35E06B004DC3DC /* Resources */,
			);
			buildRules = (
			);
			dependencies = (
			);
			name = RickAndMorty;
			productName = RickAndMorty;
			productReference = 1AE40B712B35E06B004DC3DC /* RickAndMorty.app */;
			productType = "com.apple.product-type.application";
		};
/* End PBXNativeTarget section */

/* Begin PBXProject section */
		1AE40B692B35E06B004DC3DC /* Project object */ = {
			isa = PBXProject;
			attributes = {
				BuildIndependentTargetsInParallel = 1;
				LastSwiftUpdateCheck = 1510;
				LastUpgradeCheck = 1510;
				TargetAttributes = {
					1AE40B702B35E06B004DC3DC = {
						CreatedOnToolsVersion = 15.1;
					};
				};
			};
			buildConfigurationList = 1AE40B6C2B35E06B004DC3DC /* Build configuration list for PBXProject "RickAndMorty" */;
			compatibilityVersion = "Xcode 14.0";
			developmentRegion = en;
			hasScannedForEncodings = 0;
			knownRegions = (
				en,
				Base,
			);
			mainGroup = 1AE40B682B35E06B004DC3DC;
			productRefGroup = 1AE40B722B35E06B004DC3DC /* Products */;
			projectDirPath = "";
			projectRoot = "";
			targets = (
				1AE40B702B35E06B004DC3DC /* RickAndMorty */,
			);
		};
/* End PBXProject section */

/* Begin PBXResourcesBuildPhase section */
		1AE40B6F2B35E06B004DC3DC /* Resources */ = {
			isa = PBXResourcesBuildPhase;
			buildActionMask = 2147483647;
			files = (
				1AE40B812B35E06C004DC3DC /* LaunchScreen.storyboard in Resources */,
				1AE40B7E2B35E06C004DC3DC /* Assets.xcassets in Resources */,
			);
			runOnlyForDeploymentPostprocessing = 0;
		};
/* End PBXResourcesBuildPhase section */

/* Begin PBXSourcesBuildPhase section */
		1AE40B6D2B35E06B004DC3DC /* Sources */ = {
			isa = PBXSourcesBuildPhase;
			buildActionMask = 2147483647;
			files = (
				1AE40B9D2B35F825004DC3DC /* RMSettingsViewController.swift in Sources */,
				1AE40B9B2B35F805004DC3DC /* RMLocationViewController.swift in Sources */,
				1AE40B952B35F5E1004DC3DC /* RMEpisode.swift in Sources */,
				1AE40B9F2B35F870004DC3DC /* RMEpisodeViewController.swift in Sources */,
				1AE40B792B35E06B004DC3DC /* RMTabBarController.swift in Sources */,
				1AE40B752B35E06B004DC3DC /* AppDelegate.swift in Sources */,
				1AE40B772B35E06B004DC3DC /* SceneDelegate.swift in Sources */,
				1AE40B912B35F59C004DC3DC /* RMLocation.swift in Sources */,
				1AE40B932B35F5BF004DC3DC /* RMCharacter.swift in Sources */,
				1AE40B992B35F7D8004DC3DC /* RMCharacterViewController.swift in Sources */,
			);
			runOnlyForDeploymentPostprocessing = 0;
		};
/* End PBXSourcesBuildPhase section */

/* Begin PBXVariantGroup section */
		1AE40B7F2B35E06C004DC3DC /* LaunchScreen.storyboard */ = {
			isa = PBXVariantGroup;
			children = (
				1AE40B802B35E06C004DC3DC /* Base */,
			);
			name = LaunchScreen.storyboard;
			sourceTree = "<group>";
		};
/* End PBXVariantGroup section */

/* Begin XCBuildConfiguration section */
		1AE40B832B35E06C004DC3DC /* Debug */ = {
			isa = XCBuildConfiguration;
			buildSettings = {
				ALWAYS_SEARCH_USER_PATHS = NO;
				ASSETCATALOG_COMPILER_GENERATE_SWIFT_ASSET_SYMBOL_EXTENSIONS = YES;
				CLANG_ANALYZER_NONNULL = YES;
				CLANG_ANALYZER_NUMBER_OBJECT_CONVERSION = YES_AGGRESSIVE;
				CLANG_CXX_LANGUAGE_STANDARD = "gnu++20";
				CLANG_ENABLE_MODULES = YES;
				CLANG_ENABLE_OBJC_ARC = YES;
				CLANG_ENABLE_OBJC_WEAK = YES;
				CLANG_WARN_BLOCK_CAPTURE_AUTORELEASING = YES;
				CLANG_WARN_BOOL_CONVERSION = YES;
				CLANG_WARN_COMMA = YES;
				CLANG_WARN_CONSTANT_CONVERSION = YES;
				CLANG_WARN_DEPRECATED_OBJC_IMPLEMENTATIONS = YES;
				CLANG_WARN_DIRECT_OBJC_ISA_USAGE = YES_ERROR;
				CLANG_WARN_DOCUMENTATION_COMMENTS = YES;
				CLANG_WARN_EMPTY_BODY = YES;
				CLANG_WARN_ENUM_CONVERSION = YES;
				CLANG_WARN_INFINITE_RECURSION = YES;
				CLANG_WARN_INT_CONVERSION = YES;
				CLANG_WARN_NON_LITERAL_NULL_CONVERSION = YES;
				CLANG_WARN_OBJC_IMPLICIT_RETAIN_SELF = YES;
				CLANG_WARN_OBJC_LITERAL_CONVERSION = YES;
				CLANG_WARN_OBJC_ROOT_CLASS = YES_ERROR;
				CLANG_WARN_QUOTED_INCLUDE_IN_FRAMEWORK_HEADER = YES;
				CLANG_WARN_RANGE_LOOP_ANALYSIS = YES;
				CLANG_WARN_STRICT_PROTOTYPES = YES;
				CLANG_WARN_SUSPICIOUS_MOVE = YES;
				CLANG_WARN_UNGUARDED_AVAILABILITY = YES_AGGRESSIVE;
				CLANG_WARN_UNREACHABLE_CODE = YES;
				CLANG_WARN__DUPLICATE_METHOD_MATCH = YES;
				COPY_PHASE_STRIP = NO;
				DEBUG_INFORMATION_FORMAT = dwarf;
				ENABLE_STRICT_OBJC_MSGSEND = YES;
				ENABLE_TESTABILITY = YES;
				ENABLE_USER_SCRIPT_SANDBOXING = YES;
				GCC_C_LANGUAGE_STANDARD = gnu17;
				GCC_DYNAMIC_NO_PIC = NO;
				GCC_NO_COMMON_BLOCKS = YES;
				GCC_OPTIMIZATION_LEVEL = 0;
				GCC_PREPROCESSOR_DEFINITIONS = (
					"DEBUG=1",
					"$(inherited)",
				);
				GCC_WARN_64_TO_32_BIT_CONVERSION = YES;
				GCC_WARN_ABOUT_RETURN_TYPE = YES_ERROR;
				GCC_WARN_UNDECLARED_SELECTOR = YES;
				GCC_WARN_UNINITIALIZED_AUTOS = YES_AGGRESSIVE;
				GCC_WARN_UNUSED_FUNCTION = YES;
				GCC_WARN_UNUSED_VARIABLE = YES;
				IPHONEOS_DEPLOYMENT_TARGET = 17.2;
				LOCALIZATION_PREFERS_STRING_CATALOGS = YES;
				MTL_ENABLE_DEBUG_INFO = INCLUDE_SOURCE;
				MTL_FAST_MATH = YES;
				ONLY_ACTIVE_ARCH = YES;
				SDKROOT = iphoneos;
				SWIFT_ACTIVE_COMPILATION_CONDITIONS = "DEBUG $(inherited)";
				SWIFT_OPTIMIZATION_LEVEL = "-Onone";
			};
			name = Debug;
		};
		1AE40B842B35E06C004DC3DC /* Release */ = {
			isa = XCBuildConfiguration;
			buildSettings = {
				ALWAYS_SEARCH_USER_PATHS = NO;
				ASSETCATALOG_COMPILER_GENERATE_SWIFT_ASSET_SYMBOL_EXTENSIONS = YES;
				CLANG_ANALYZER_NONNULL = YES;
				CLANG_ANALYZER_NUMBER_OBJECT_CONVERSION = YES_AGGRESSIVE;
				CLANG_CXX_LANGUAGE_STANDARD = "gnu++20";
				CLANG_ENABLE_MODULES = YES;
				CLANG_ENABLE_OBJC_ARC = YES;
				CLANG_ENABLE_OBJC_WEAK = YES;
				CLANG_WARN_BLOCK_CAPTURE_AUTORELEASING = YES;
				CLANG_WARN_BOOL_CONVERSION = YES;
				CLANG_WARN_COMMA = YES;
				CLANG_WARN_CONSTANT_CONVERSION = YES;
				CLANG_WARN_DEPRECATED_OBJC_IMPLEMENTATIONS = YES;
				CLANG_WARN_DIRECT_OBJC_ISA_USAGE = YES_ERROR;
				CLANG_WARN_DOCUMENTATION_COMMENTS = YES;
				CLANG_WARN_EMPTY_BODY = YES;
				CLANG_WARN_ENUM_CONVERSION = YES;
				CLANG_WARN_INFINITE_RECURSION = YES;
				CLANG_WARN_INT_CONVERSION = YES;
				CLANG_WARN_NON_LITERAL_NULL_CONVERSION = YES;
				CLANG_WARN_OBJC_IMPLICIT_RETAIN_SELF = YES;
				CLANG_WARN_OBJC_LITERAL_CONVERSION = YES;
				CLANG_WARN_OBJC_ROOT_CLASS = YES_ERROR;
				CLANG_WARN_QUOTED_INCLUDE_IN_FRAMEWORK_HEADER = YES;
				CLANG_WARN_RANGE_LOOP_ANALYSIS = YES;
				CLANG_WARN_STRICT_PROTOTYPES = YES;
				CLANG_WARN_SUSPICIOUS_MOVE = YES;
				CLANG_WARN_UNGUARDED_AVAILABILITY = YES_AGGRESSIVE;
				CLANG_WARN_UNREACHABLE_CODE = YES;
				CLANG_WARN__DUPLICATE_METHOD_MATCH = YES;
				COPY_PHASE_STRIP = NO;
				DEBUG_INFORMATION_FORMAT = "dwarf-with-dsym";
				ENABLE_NS_ASSERTIONS = NO;
				ENABLE_STRICT_OBJC_MSGSEND = YES;
				ENABLE_USER_SCRIPT_SANDBOXING = YES;
				GCC_C_LANGUAGE_STANDARD = gnu17;
				GCC_NO_COMMON_BLOCKS = YES;
				GCC_WARN_64_TO_32_BIT_CONVERSION = YES;
				GCC_WARN_ABOUT_RETURN_TYPE = YES_ERROR;
				GCC_WARN_UNDECLARED_SELECTOR = YES;
				GCC_WARN_UNINITIALIZED_AUTOS = YES_AGGRESSIVE;
				GCC_WARN_UNUSED_FUNCTION = YES;
				GCC_WARN_UNUSED_VARIABLE = YES;
				IPHONEOS_DEPLOYMENT_TARGET = 17.2;
				LOCALIZATION_PREFERS_STRING_CATALOGS = YES;
				MTL_ENABLE_DEBUG_INFO = NO;
				MTL_FAST_MATH = YES;
				SDKROOT = iphoneos;
				SWIFT_COMPILATION_MODE = wholemodule;
				VALIDATE_PRODUCT = YES;
			};
			name = Release;
		};
		1AE40B862B35E06C004DC3DC /* Debug */ = {
			isa = XCBuildConfiguration;
			buildSettings = {
				ASSETCATALOG_COMPILER_APPICON_NAME = AppIcon;
				ASSETCATALOG_COMPILER_GLOBAL_ACCENT_COLOR_NAME = AccentColor;
				CODE_SIGN_STYLE = Automatic;
				CURRENT_PROJECT_VERSION = 1;
				DEVELOPMENT_TEAM = QZ329TNU43;
				GENERATE_INFOPLIST_FILE = YES;
				INFOPLIST_FILE = RickAndMorty/Info.plist;
				INFOPLIST_KEY_UIApplicationSupportsIndirectInputEvents = YES;
				INFOPLIST_KEY_UILaunchStoryboardName = LaunchScreen;
				INFOPLIST_KEY_UISupportedInterfaceOrientations = UIInterfaceOrientationPortrait;
				INFOPLIST_KEY_UISupportedInterfaceOrientations_iPad = "UIInterfaceOrientationLandscapeLeft UIInterfaceOrientationLandscapeRight UIInterfaceOrientationPortrait UIInterfaceOrientationPortraitUpsideDown";
				LD_RUNPATH_SEARCH_PATHS = (
					"$(inherited)",
					"@executable_path/Frameworks",
				);
				MARKETING_VERSION = 1.0;
				PRODUCT_BUNDLE_IDENTIFIER = iosmaster.com.RickAndMorty;
				PRODUCT_NAME = "$(TARGET_NAME)";
				SUPPORTED_PLATFORMS = "iphoneos iphonesimulator";
				SUPPORTS_MACCATALYST = NO;
				SUPPORTS_MAC_DESIGNED_FOR_IPHONE_IPAD = NO;
				SWIFT_EMIT_LOC_STRINGS = YES;
				SWIFT_VERSION = 5.0;
				TARGETED_DEVICE_FAMILY = 1;
			};
			name = Debug;
		};
		1AE40B872B35E06C004DC3DC /* Release */ = {
			isa = XCBuildConfiguration;
			buildSettings = {
				ASSETCATALOG_COMPILER_APPICON_NAME = AppIcon;
				ASSETCATALOG_COMPILER_GLOBAL_ACCENT_COLOR_NAME = AccentColor;
				CODE_SIGN_STYLE = Automatic;
				CURRENT_PROJECT_VERSION = 1;
				DEVELOPMENT_TEAM = QZ329TNU43;
				GENERATE_INFOPLIST_FILE = YES;
				INFOPLIST_FILE = RickAndMorty/Info.plist;
				INFOPLIST_KEY_UIApplicationSupportsIndirectInputEvents = YES;
				INFOPLIST_KEY_UILaunchStoryboardName = LaunchScreen;
				INFOPLIST_KEY_UISupportedInterfaceOrientations = UIInterfaceOrientationPortrait;
				INFOPLIST_KEY_UISupportedInterfaceOrientations_iPad = "UIInterfaceOrientationLandscapeLeft UIInterfaceOrientationLandscapeRight UIInterfaceOrientationPortrait UIInterfaceOrientationPortraitUpsideDown";
				LD_RUNPATH_SEARCH_PATHS = (
					"$(inherited)",
					"@executable_path/Frameworks",
				);
				MARKETING_VERSION = 1.0;
				PRODUCT_BUNDLE_IDENTIFIER = iosmaster.com.RickAndMorty;
				PRODUCT_NAME = "$(TARGET_NAME)";
				SUPPORTED_PLATFORMS = "iphoneos iphonesimulator";
				SUPPORTS_MACCATALYST = NO;
				SUPPORTS_MAC_DESIGNED_FOR_IPHONE_IPAD = NO;
				SWIFT_EMIT_LOC_STRINGS = YES;
				SWIFT_VERSION = 5.0;
				TARGETED_DEVICE_FAMILY = 1;
			};
			name = Release;
		};
/* End XCBuildConfiguration section */

/* Begin XCConfigurationList section */
		1AE40B6C2B35E06B004DC3DC /* Build configuration list for PBXProject "RickAndMorty" */ = {
			isa = XCConfigurationList;
			buildConfigurations = (
				1AE40B832B35E06C004DC3DC /* Debug */,
				1AE40B842B35E06C004DC3DC /* Release */,
			);
			defaultConfigurationIsVisible = 0;
			defaultConfigurationName = Release;
		};
		1AE40B852B35E06C004DC3DC /* Build configuration list for PBXNativeTarget "RickAndMorty" */ = {
			isa = XCConfigurationList;
			buildConfigurations = (
				1AE40B862B35E06C004DC3DC /* Debug */,
				1AE40B872B35E06C004DC3DC /* Release */,
			);
			defaultConfigurationIsVisible = 0;
			defaultConfigurationName = Release;
		};
/* End XCConfigurationList section */
	};
	rootObject = 1AE40B692B35E06B004DC3DC /* Project object */;
}
